// !$*UTF8*$!
{
	archiveVersion = 1;
	classes = {
	};
	objectVersion = 56;
	objects = {

/* Begin PBXBuildFile section */
		3C9CEE732A7C203100A43996 /* AppDelegate.swift in Sources */ = {isa = PBXBuildFile; fileRef = 3C9CEE722A7C203100A43996 /* AppDelegate.swift */; };
		3C9CEE752A7C203100A43996 /* SceneDelegate.swift in Sources */ = {isa = PBXBuildFile; fileRef = 3C9CEE742A7C203100A43996 /* SceneDelegate.swift */; };
		3C9CEE772A7C203100A43996 /* Anasayfa.swift in Sources */ = {isa = PBXBuildFile; fileRef = 3C9CEE762A7C203100A43996 /* Anasayfa.swift */; };
		3C9CEE7A2A7C203100A43996 /* Main.storyboard in Resources */ = {isa = PBXBuildFile; fileRef = 3C9CEE782A7C203100A43996 /* Main.storyboard */; };
		3C9CEE7C2A7C203200A43996 /* Assets.xcassets in Resources */ = {isa = PBXBuildFile; fileRef = 3C9CEE7B2A7C203200A43996 /* Assets.xcassets */; };
		3C9CEE7F2A7C203200A43996 /* LaunchScreen.storyboard in Resources */ = {isa = PBXBuildFile; fileRef = 3C9CEE7D2A7C203200A43996 /* LaunchScreen.storyboard */; };
		3C9CEE8C2A7C24EB00A43996 /* Urunler.swift in Sources */ = {isa = PBXBuildFile; fileRef = 3C9CEE8B2A7C24EB00A43996 /* Urunler.swift */; };
		3C9CEE902A7C293400A43996 /* UrunlerHucre.swift in Sources */ = {isa = PBXBuildFile; fileRef = 3C9CEE8F2A7C293400A43996 /* UrunlerHucre.swift */; };
/* End PBXBuildFile section */

/* Begin PBXFileReference section */
		3C9CEE6F2A7C203100A43996 /* TrendyolClone.app */ = {isa = PBXFileReference; explicitFileType = wrapper.application; includeInIndex = 0; path = TrendyolClone.app; sourceTree = BUILT_PRODUCTS_DIR; };
		3C9CEE722A7C203100A43996 /* AppDelegate.swift */ = {isa = PBXFileReference; lastKnownFileType = sourcecode.swift; path = AppDelegate.swift; sourceTree = "<group>"; };
		3C9CEE742A7C203100A43996 /* SceneDelegate.swift */ = {isa = PBXFileReference; lastKnownFileType = sourcecode.swift; path = SceneDelegate.swift; sourceTree = "<group>"; };
		3C9CEE762A7C203100A43996 /* Anasayfa.swift */ = {isa = PBXFileReference; lastKnownFileType = sourcecode.swift; path = Anasayfa.swift; sourceTree = "<group>"; };
		3C9CEE792A7C203100A43996 /* Base */ = {isa = PBXFileReference; lastKnownFileType = file.storyboard; name = Base; path = Base.lproj/Main.storyboard; sourceTree = "<group>"; };
		3C9CEE7B2A7C203200A43996 /* Assets.xcassets */ = {isa = PBXFileReference; lastKnownFileType = folder.assetcatalog; path = Assets.xcassets; sourceTree = "<group>"; };
		3C9CEE7E2A7C203200A43996 /* Base */ = {isa = PBXFileReference; lastKnownFileType = file.storyboard; name = Base; path = Base.lproj/LaunchScreen.storyboard; sourceTree = "<group>"; };
		3C9CEE802A7C203200A43996 /* Info.plist */ = {isa = PBXFileReference; lastKnownFileType = text.plist.xml; path = Info.plist; sourceTree = "<group>"; };
		3C9CEE8B2A7C24EB00A43996 /* Urunler.swift */ = {isa = PBXFileReference; lastKnownFileType = sourcecode.swift; path = Urunler.swift; sourceTree = "<group>"; };
		3C9CEE8F2A7C293400A43996 /* UrunlerHucre.swift */ = {isa = PBXFileReference; lastKnownFileType = sourcecode.swift; path = UrunlerHucre.swift; sourceTree = "<group>"; };
/* End PBXFileReference section */

/* Begin PBXFrameworksBuildPhase section */
		3C9CEE6C2A7C203100A43996 /* Frameworks */ = {
			isa = PBXFrameworksBuildPhase;
			buildActionMask = 2147483647;
			files = (
			);
			runOnlyForDeploymentPostprocessing = 0;
		};
/* End PBXFrameworksBuildPhase section */

/* Begin PBXGroup section */
		3C9CEE662A7C203100A43996 = {
			isa = PBXGroup;
			children = (
				3C9CEE712A7C203100A43996 /* TrendyolClone */,
				3C9CEE702A7C203100A43996 /* Products */,
			);
			sourceTree = "<group>";
		};
		3C9CEE702A7C203100A43996 /* Products */ = {
			isa = PBXGroup;
			children = (
				3C9CEE6F2A7C203100A43996 /* TrendyolClone.app */,
			);
			name = Products;
			sourceTree = "<group>";
		};
		3C9CEE712A7C203100A43996 /* TrendyolClone */ = {
			isa = PBXGroup;
			children = (
				3C9CEE722A7C203100A43996 /* AppDelegate.swift */,
				3C9CEE742A7C203100A43996 /* SceneDelegate.swift */,
				3C9CEE872A7C23D500A43996 /* data */,
				3C9CEE862A7C23CA00A43996 /* ui */,
				3C9CEE782A7C203100A43996 /* Main.storyboard */,
				3C9CEE7B2A7C203200A43996 /* Assets.xcassets */,
				3C9CEE7D2A7C203200A43996 /* LaunchScreen.storyboard */,
				3C9CEE802A7C203200A43996 /* Info.plist */,
			);
			path = TrendyolClone;
			sourceTree = "<group>";
		};
		3C9CEE862A7C23CA00A43996 /* ui */ = {
			isa = PBXGroup;
			children = (
				3C9CEE8A2A7C240700A43996 /* views */,
				3C9CEE892A7C23F500A43996 /* tableview */,
			);
			path = ui;
			sourceTree = "<group>";
		};
		3C9CEE872A7C23D500A43996 /* data */ = {
			isa = PBXGroup;
			children = (
				3C9CEE882A7C23E800A43996 /* entity */,
			);
			path = data;
			sourceTree = "<group>";
		};
		3C9CEE882A7C23E800A43996 /* entity */ = {
			isa = PBXGroup;
			children = (
				3C9CEE8B2A7C24EB00A43996 /* Urunler.swift */,
			);
			path = entity;
			sourceTree = "<group>";
		};
		3C9CEE892A7C23F500A43996 /* tableview */ = {
			isa = PBXGroup;
			children = (
				3C9CEE8F2A7C293400A43996 /* UrunlerHucre.swift */,
			);
			path = tableview;
			sourceTree = "<group>";
		};
		3C9CEE8A2A7C240700A43996 /* views */ = {
			isa = PBXGroup;
			children = (
				3C9CEE762A7C203100A43996 /* Anasayfa.swift */,
			);
			path = views;
			sourceTree = "<group>";
		};
/* End PBXGroup section */

/* Begin PBXNativeTarget section */
		3C9CEE6E2A7C203100A43996 /* TrendyolClone */ = {
			isa = PBXNativeTarget;
			buildConfigurationList = 3C9CEE832A7C203200A43996 /* Build configuration list for PBXNativeTarget "TrendyolClone" */;
			buildPhases = (
				3C9CEE6B2A7C203100A43996 /* Sources */,
				3C9CEE6C2A7C203100A43996 /* Frameworks */,
				3C9CEE6D2A7C203100A43996 /* Resources */,
			);
			buildRules = (
			);
			dependencies = (
			);
			name = TrendyolClone;
			productName = FilmlerApp;
			productReference = 3C9CEE6F2A7C203100A43996 /* TrendyolClone.app */;
			productType = "com.apple.product-type.application";
		};
/* End PBXNativeTarget section */

/* Begin PBXProject section */
		3C9CEE672A7C203100A43996 /* Project object */ = {
			isa = PBXProject;
			attributes = {
				BuildIndependentTargetsInParallel = 1;
				LastSwiftUpdateCheck = 1430;
				LastUpgradeCheck = 1430;
				TargetAttributes = {
					3C9CEE6E2A7C203100A43996 = {
						CreatedOnToolsVersion = 14.3.1;
					};
				};
			};
			buildConfigurationList = 3C9CEE6A2A7C203100A43996 /* Build configuration list for PBXProject "TrendyolClone" */;
			compatibilityVersion = "Xcode 14.0";
			developmentRegion = en;
			hasScannedForEncodings = 0;
			knownRegions = (
				en,
				Base,
			);
			mainGroup = 3C9CEE662A7C203100A43996;
			productRefGroup = 3C9CEE702A7C203100A43996 /* Products */;
			projectDirPath = "";
			projectRoot = "";
			targets = (
				3C9CEE6E2A7C203100A43996 /* TrendyolClone */,
			);
		};
/* End PBXProject section */

/* Begin PBXResourcesBuildPhase section */
		3C9CEE6D2A7C203100A43996 /* Resources */ = {
			isa = PBXResourcesBuildPhase;
			buildActionMask = 2147483647;
			files = (
				3C9CEE7F2A7C203200A43996 /* LaunchScreen.storyboard in Resources */,
				3C9CEE7C2A7C203200A43996 /* Assets.xcassets in Resources */,
				3C9CEE7A2A7C203100A43996 /* Main.storyboard in Resources */,
			);
			runOnlyForDeploymentPostprocessing = 0;
		};
/* End PBXResourcesBuildPhase section */

/* Begin PBXSourcesBuildPhase section */
		3C9CEE6B2A7C203100A43996 /* Sources */ = {
			isa = PBXSourcesBuildPhase;
			buildActionMask = 2147483647;
			files = (
				3C9CEE772A7C203100A43996 /* Anasayfa.swift in Sources */,
				3C9CEE732A7C203100A43996 /* AppDelegate.swift in Sources */,
				3C9CEE752A7C203100A43996 /* SceneDelegate.swift in Sources */,
				3C9CEE8C2A7C24EB00A43996 /* Urunler.swift in Sources */,
				3C9CEE902A7C293400A43996 /* UrunlerHucre.swift in Sources */,
			);
			runOnlyForDeploymentPostprocessing = 0;
		};
/* End PBXSourcesBuildPhase section */

/* Begin PBXVariantGroup section */
		3C9CEE782A7C203100A43996 /* Main.storyboard */ = {
			isa = PBXVariantGroup;
			children = (
				3C9CEE792A7C203100A43996 /* Base */,
			);
			name = Main.storyboard;
			sourceTree = "<group>";
		};
		3C9CEE7D2A7C203200A43996 /* LaunchScreen.storyboard */ = {
			isa = PBXVariantGroup;
			children = (
				3C9CEE7E2A7C203200A43996 /* Base */,
			);
			name = LaunchScreen.storyboard;
			sourceTree = "<group>";
		};
/* End PBXVariantGroup section */

/* Begin XCBuildConfiguration section */
		3C9CEE812A7C203200A43996 /* Debug */ = {
			isa = XCBuildConfiguration;
			buildSettings = {
				ALWAYS_SEARCH_USER_PATHS = NO;
				CLANG_ANALYZER_NONNULL = YES;
				CLANG_ANALYZER_NUMBER_OBJECT_CONVERSION = YES_AGGRESSIVE;
				CLANG_CXX_LANGUAGE_STANDARD = "gnu++20";
				CLANG_ENABLE_MODULES = YES;
				CLANG_ENABLE_OBJC_ARC = YES;
				CLANG_ENABLE_OBJC_WEAK = YES;
				CLANG_WARN_BLOCK_CAPTURE_AUTORELEASING = YES;
				CLANG_WARN_BOOL_CONVERSION = YES;
				CLANG_WARN_COMMA = YES;
				CLANG_WARN_CONSTANT_CONVERSION = YES;
				CLANG_WARN_DEPRECATED_OBJC_IMPLEMENTATIONS = YES;
				CLANG_WARN_DIRECT_OBJC_ISA_USAGE = YES_ERROR;
				CLANG_WARN_DOCUMENTATION_COMMENTS = YES;
				CLANG_WARN_EMPTY_BODY = YES;
				CLANG_WARN_ENUM_CONVERSION = YES;
				CLANG_WARN_INFINITE_RECURSION = YES;
				CLANG_WARN_INT_CONVERSION = YES;
				CLANG_WARN_NON_LITERAL_NULL_CONVERSION = YES;
				CLANG_WARN_OBJC_IMPLICIT_RETAIN_SELF = YES;
				CLANG_WARN_OBJC_LITERAL_CONVERSION = YES;
				CLANG_WARN_OBJC_ROOT_CLASS = YES_ERROR;
				CLANG_WARN_QUOTED_INCLUDE_IN_FRAMEWORK_HEADER = YES;
				CLANG_WARN_RANGE_LOOP_ANALYSIS = YES;
				CLANG_WARN_STRICT_PROTOTYPES = YES;
				CLANG_WARN_SUSPICIOUS_MOVE = YES;
				CLANG_WARN_UNGUARDED_AVAILABILITY = YES_AGGRESSIVE;
				CLANG_WARN_UNREACHABLE_CODE = YES;
				CLANG_WARN__DUPLICATE_METHOD_MATCH = YES;
				COPY_PHASE_STRIP = NO;
				DEBUG_INFORMATION_FORMAT = dwarf;
				ENABLE_STRICT_OBJC_MSGSEND = YES;
				ENABLE_TESTABILITY = YES;
				GCC_C_LANGUAGE_STANDARD = gnu11;
				GCC_DYNAMIC_NO_PIC = NO;
				GCC_NO_COMMON_BLOCKS = YES;
				GCC_OPTIMIZATION_LEVEL = 0;
				GCC_PREPROCESSOR_DEFINITIONS = (
					"DEBUG=1",
					"$(inherited)",
				);
				GCC_WARN_64_TO_32_BIT_CONVERSION = YES;
				GCC_WARN_ABOUT_RETURN_TYPE = YES_ERROR;
				GCC_WARN_UNDECLARED_SELECTOR = YES;
				GCC_WARN_UNINITIALIZED_AUTOS = YES_AGGRESSIVE;
				GCC_WARN_UNUSED_FUNCTION = YES;
				GCC_WARN_UNUSED_VARIABLE = YES;
				IPHONEOS_DEPLOYMENT_TARGET = 16.4;
				MTL_ENABLE_DEBUG_INFO = INCLUDE_SOURCE;
				MTL_FAST_MATH = YES;
				ONLY_ACTIVE_ARCH = YES;
				SDKROOT = iphoneos;
				SWIFT_ACTIVE_COMPILATION_CONDITIONS = DEBUG;
				SWIFT_OPTIMIZATION_LEVEL = "-Onone";
			};
			name = Debug;
		};
		3C9CEE822A7C203200A43996 /* Release */ = {
			isa = XCBuildConfiguration;
			buildSettings = {
				ALWAYS_SEARCH_USER_PATHS = NO;
				CLANG_ANALYZER_NONNULL = YES;
				CLANG_ANALYZER_NUMBER_OBJECT_CONVERSION = YES_AGGRESSIVE;
				CLANG_CXX_LANGUAGE_STANDARD = "gnu++20";
				CLANG_ENABLE_MODULES = YES;
				CLANG_ENABLE_OBJC_ARC = YES;
				CLANG_ENABLE_OBJC_WEAK = YES;
				CLANG_WARN_BLOCK_CAPTURE_AUTORELEASING = YES;
				CLANG_WARN_BOOL_CONVERSION = YES;
				CLANG_WARN_COMMA = YES;
				CLANG_WARN_CONSTANT_CONVERSION = YES;
				CLANG_WARN_DEPRECATED_OBJC_IMPLEMENTATIONS = YES;
				CLANG_WARN_DIRECT_OBJC_ISA_USAGE = YES_ERROR;
				CLANG_WARN_DOCUMENTATION_COMMENTS = YES;
				CLANG_WARN_EMPTY_BODY = YES;
				CLANG_WARN_ENUM_CONVERSION = YES;
				CLANG_WARN_INFINITE_RECURSION = YES;
				CLANG_WARN_INT_CONVERSION = YES;
				CLANG_WARN_NON_LITERAL_NULL_CONVERSION = YES;
				CLANG_WARN_OBJC_IMPLICIT_RETAIN_SELF = YES;
				CLANG_WARN_OBJC_LITERAL_CONVERSION = YES;
				CLANG_WARN_OBJC_ROOT_CLASS = YES_ERROR;
				CLANG_WARN_QUOTED_INCLUDE_IN_FRAMEWORK_HEADER = YES;
				CLANG_WARN_RANGE_LOOP_ANALYSIS = YES;
				CLANG_WARN_STRICT_PROTOTYPES = YES;
				CLANG_WARN_SUSPICIOUS_MOVE = YES;
				CLANG_WARN_UNGUARDED_AVAILABILITY = YES_AGGRESSIVE;
				CLANG_WARN_UNREACHABLE_CODE = YES;
				CLANG_WARN__DUPLICATE_METHOD_MATCH = YES;
				COPY_PHASE_STRIP = NO;
				DEBUG_INFORMATION_FORMAT = "dwarf-with-dsym";
				ENABLE_NS_ASSERTIONS = NO;
				ENABLE_STRICT_OBJC_MSGSEND = YES;
				GCC_C_LANGUAGE_STANDARD = gnu11;
				GCC_NO_COMMON_BLOCKS = YES;
				GCC_WARN_64_TO_32_BIT_CONVERSION = YES;
				GCC_WARN_ABOUT_RETURN_TYPE = YES_ERROR;
				GCC_WARN_UNDECLARED_SELECTOR = YES;
				GCC_WARN_UNINITIALIZED_AUTOS = YES_AGGRESSIVE;
				GCC_WARN_UNUSED_FUNCTION = YES;
				GCC_WARN_UNUSED_VARIABLE = YES;
				IPHONEOS_DEPLOYMENT_TARGET = 16.4;
				MTL_ENABLE_DEBUG_INFO = NO;
				MTL_FAST_MATH = YES;
				SDKROOT = iphoneos;
				SWIFT_COMPILATION_MODE = wholemodule;
				SWIFT_OPTIMIZATION_LEVEL = "-O";
				VALIDATE_PRODUCT = YES;
			};
			name = Release;
		};
		3C9CEE842A7C203200A43996 /* Debug */ = {
			isa = XCBuildConfiguration;
			buildSettings = {
				ASSETCATALOG_COMPILER_APPICON_NAME = AppIcon;
				ASSETCATALOG_COMPILER_GLOBAL_ACCENT_COLOR_NAME = AccentColor;
				CODE_SIGN_STYLE = Automatic;
				CURRENT_PROJECT_VERSION = 1;
				DEVELOPMENT_TEAM = 3J336T369N;
				GENERATE_INFOPLIST_FILE = YES;
				INFOPLIST_FILE = TrendyolClone/Info.plist;
				INFOPLIST_KEY_UIApplicationSupportsIndirectInputEvents = YES;
				INFOPLIST_KEY_UILaunchStoryboardName = LaunchScreen;
				INFOPLIST_KEY_UIMainStoryboardFile = Main;
				INFOPLIST_KEY_UISupportedInterfaceOrientations_iPad = "UIInterfaceOrientationPortrait UIInterfaceOrientationPortraitUpsideDown UIInterfaceOrientationLandscapeLeft UIInterfaceOrientationLandscapeRight";
				INFOPLIST_KEY_UISupportedInterfaceOrientations_iPhone = "UIInterfaceOrientationPortrait UIInterfaceOrientationLandscapeLeft UIInterfaceOrientationLandscapeRight";
				LD_RUNPATH_SEARCH_PATHS = (
					"$(inherited)",
					"@executable_path/Frameworks",
				);
				MARKETING_VERSION = 1.0;
				PRODUCT_BUNDLE_IDENTIFIER = com.seymacatikkasli.TrendyolClone;
				PRODUCT_NAME = "$(TARGET_NAME)";
				SWIFT_EMIT_LOC_STRINGS = YES;
				SWIFT_VERSION = 5.0;
				TARGETED_DEVICE_FAMILY = "1,2";
			};
			name = Debug;
		};
		3C9CEE852A7C203200A43996 /* Release */ = {
			isa = XCBuildConfiguration;
			buildSettings = {
				ASSETCATALOG_COMPILER_APPICON_NAME = AppIcon;
				ASSETCATALOG_COMPILER_GLOBAL_ACCENT_COLOR_NAME = AccentColor;
				CODE_SIGN_STYLE = Automatic;
				CURRENT_PROJECT_VERSION = 1;
				DEVELOPMENT_TEAM = 3J336T369N;
				GENERATE_INFOPLIST_FILE = YES;
				INFOPLIST_FILE = TrendyolClone/Info.plist;
				INFOPLIST_KEY_UIApplicationSupportsIndirectInputEvents = YES;
				INFOPLIST_KEY_UILaunchStoryboardName = LaunchScreen;
				INFOPLIST_KEY_UIMainStoryboardFile = Main;
				INFOPLIST_KEY_UISupportedInterfaceOrientations_iPad = "UIInterfaceOrientationPortrait UIInterfaceOrientationPortraitUpsideDown UIInterfaceOrientationLandscapeLeft UIInterfaceOrientationLandscapeRight";
				INFOPLIST_KEY_UISupportedInterfaceOrientations_iPhone = "UIInterfaceOrientationPortrait UIInterfaceOrientationLandscapeLeft UIInterfaceOrientationLandscapeRight";
				LD_RUNPATH_SEARCH_PATHS = (
					"$(inherited)",
					"@executable_path/Frameworks",
				);
				MARKETING_VERSION = 1.0;
				PRODUCT_BUNDLE_IDENTIFIER = com.seymacatikkasli.TrendyolClone;
				PRODUCT_NAME = "$(TARGET_NAME)";
				SWIFT_EMIT_LOC_STRINGS = YES;
				SWIFT_VERSION = 5.0;
				TARGETED_DEVICE_FAMILY = "1,2";
			};
			name = Release;
		};
/* End XCBuildConfiguration section */

/* Begin XCConfigurationList section */
		3C9CEE6A2A7C203100A43996 /* Build configuration list for PBXProject "TrendyolClone" */ = {
			isa = XCConfigurationList;
			buildConfigurations = (
				3C9CEE812A7C203200A43996 /* Debug */,
				3C9CEE822A7C203200A43996 /* Release */,
			);
			defaultConfigurationIsVisible = 0;
			defaultConfigurationName = Release;
		};
		3C9CEE832A7C203200A43996 /* Build configuration list for PBXNativeTarget "TrendyolClone" */ = {
			isa = XCConfigurationList;
			buildConfigurations = (
				3C9CEE842A7C203200A43996 /* Debug */,
				3C9CEE852A7C203200A43996 /* Release */,
			);
			defaultConfigurationIsVisible = 0;
			defaultConfigurationName = Release;
		};
/* End XCConfigurationList section */
	};
	rootObject = 3C9CEE672A7C203100A43996 /* Project object */;
}
